// !$*UTF8*$!
{
	archiveVersion = 1;
	classes = {
	};
	objectVersion = 50;
	objects = {

/* Begin PBXBuildFile section */
		1C5F854C27B94A2300599544 /* AppDelegate.swift in Sources */ = {isa = PBXBuildFile; fileRef = 1C5F854B27B94A2300599544 /* AppDelegate.swift */; };
		1C5F854E27B94A2300599544 /* SceneDelegate.swift in Sources */ = {isa = PBXBuildFile; fileRef = 1C5F854D27B94A2300599544 /* SceneDelegate.swift */; };
		1C5F855027B94A2300599544 /* ViewController.swift in Sources */ = {isa = PBXBuildFile; fileRef = 1C5F854F27B94A2300599544 /* ViewController.swift */; };
		1C5F855327B94A2300599544 /* Main.storyboard in Resources */ = {isa = PBXBuildFile; fileRef = 1C5F855127B94A2300599544 /* Main.storyboard */; };
		1C5F855627B94A2300599544 /* iOS_Essentials.xcdatamodeld in Sources */ = {isa = PBXBuildFile; fileRef = 1C5F855427B94A2300599544 /* iOS_Essentials.xcdatamodeld */; };
		1C5F855827B94A2C00599544 /* Assets.xcassets in Resources */ = {isa = PBXBuildFile; fileRef = 1C5F855727B94A2C00599544 /* Assets.xcassets */; };
		1C5F855B27B94A2C00599544 /* LaunchScreen.storyboard in Resources */ = {isa = PBXBuildFile; fileRef = 1C5F855927B94A2C00599544 /* LaunchScreen.storyboard */; };
		1C5F856627B94A2C00599544 /* iOS_EssentialsTests.swift in Sources */ = {isa = PBXBuildFile; fileRef = 1C5F856527B94A2C00599544 /* iOS_EssentialsTests.swift */; };
		1C5F857127B94A2C00599544 /* iOS_EssentialsUITests.swift in Sources */ = {isa = PBXBuildFile; fileRef = 1C5F857027B94A2C00599544 /* iOS_EssentialsUITests.swift */; };
		1C5F858327B94AFA00599544 /* Singleton.swift in Sources */ = {isa = PBXBuildFile; fileRef = 1C5F858227B94AFA00599544 /* Singleton.swift */; };
		1C5F858C27B94B8800599544 /* APIClient-Singleton-Step1.png in Resources */ = {isa = PBXBuildFile; fileRef = 1C5F858B27B94B8800599544 /* APIClient-Singleton-Step1.png */; };
		1C5F859127B94C8F00599544 /* APIClient-Singleton-Step1.swift in Sources */ = {isa = PBXBuildFile; fileRef = 1C5F859027B94C8F00599544 /* APIClient-Singleton-Step1.swift */; };
		1C5F859627B94D1C00599544 /* APIClient-Singleton-Step2.swift in Sources */ = {isa = PBXBuildFile; fileRef = 1C5F859527B94D1C00599544 /* APIClient-Singleton-Step2.swift */; };
		1C5F859B27B94D6A00599544 /* APIClient-Singleton-Step2.png in Resources */ = {isa = PBXBuildFile; fileRef = 1C5F859A27B94D6A00599544 /* APIClient-Singleton-Step2.png */; };
		1C5F85A027B94DBE00599544 /* APIClient-Singleton-Step3.png in Resources */ = {isa = PBXBuildFile; fileRef = 1C5F859F27B94DBE00599544 /* APIClient-Singleton-Step3.png */; };
		1C5F85A527B94DD100599544 /* APIClient-Singleton-Step3.swift in Sources */ = {isa = PBXBuildFile; fileRef = 1C5F85A427B94DD100599544 /* APIClient-Singleton-Step3.swift */; };
		1C5F85AB27BA24F200599544 /* Composition_Phase1.swift in Sources */ = {isa = PBXBuildFile; fileRef = 1C5F85AA27BA24F100599544 /* Composition_Phase1.swift */; };
		1C5F85B027BA258200599544 /* Composition_Phase2.swift in Sources */ = {isa = PBXBuildFile; fileRef = 1C5F85AF27BA258200599544 /* Composition_Phase2.swift */; };
		1C5F85B627BA270A00599544 /* Composition_Phase2.png in Resources */ = {isa = PBXBuildFile; fileRef = 1C5F85B527BA270900599544 /* Composition_Phase2.png */; };
		1C5F85BE27BAAA2600599544 /* Composition_AntiPattern.swift in Sources */ = {isa = PBXBuildFile; fileRef = 1C5F85BD27BAAA2600599544 /* Composition_AntiPattern.swift */; };
		1C5F85CA27BAB2DF00599544 /* Composition_Pattern_Solved.swift in Sources */ = {isa = PBXBuildFile; fileRef = 1C5F85C927BAB2DF00599544 /* Composition_Pattern_Solved.swift */; };
/* End PBXBuildFile section */

/* Begin PBXContainerItemProxy section */
		1C5F856227B94A2C00599544 /* PBXContainerItemProxy */ = {
			isa = PBXContainerItemProxy;
			containerPortal = 1C5F854027B94A2300599544 /* Project object */;
			proxyType = 1;
			remoteGlobalIDString = 1C5F854727B94A2300599544;
			remoteInfo = "iOS-Essentials";
		};
		1C5F856D27B94A2C00599544 /* PBXContainerItemProxy */ = {
			isa = PBXContainerItemProxy;
			containerPortal = 1C5F854027B94A2300599544 /* Project object */;
			proxyType = 1;
			remoteGlobalIDString = 1C5F854727B94A2300599544;
			remoteInfo = "iOS-Essentials";
		};
/* End PBXContainerItemProxy section */

/* Begin PBXFileReference section */
		1C5F854827B94A2300599544 /* iOS-Essentials.app */ = {isa = PBXFileReference; explicitFileType = wrapper.application; includeInIndex = 0; path = "iOS-Essentials.app"; sourceTree = BUILT_PRODUCTS_DIR; };
		1C5F854B27B94A2300599544 /* AppDelegate.swift */ = {isa = PBXFileReference; lastKnownFileType = sourcecode.swift; path = AppDelegate.swift; sourceTree = "<group>"; };
		1C5F854D27B94A2300599544 /* SceneDelegate.swift */ = {isa = PBXFileReference; lastKnownFileType = sourcecode.swift; path = SceneDelegate.swift; sourceTree = "<group>"; };
		1C5F854F27B94A2300599544 /* ViewController.swift */ = {isa = PBXFileReference; lastKnownFileType = sourcecode.swift; path = ViewController.swift; sourceTree = "<group>"; };
		1C5F855227B94A2300599544 /* Base */ = {isa = PBXFileReference; lastKnownFileType = file.storyboard; name = Base; path = Base.lproj/Main.storyboard; sourceTree = "<group>"; };
		1C5F855527B94A2300599544 /* iOS_Essentials.xcdatamodel */ = {isa = PBXFileReference; lastKnownFileType = wrapper.xcdatamodel; path = iOS_Essentials.xcdatamodel; sourceTree = "<group>"; };
		1C5F855727B94A2C00599544 /* Assets.xcassets */ = {isa = PBXFileReference; lastKnownFileType = folder.assetcatalog; path = Assets.xcassets; sourceTree = "<group>"; };
		1C5F855A27B94A2C00599544 /* Base */ = {isa = PBXFileReference; lastKnownFileType = file.storyboard; name = Base; path = Base.lproj/LaunchScreen.storyboard; sourceTree = "<group>"; };
		1C5F855C27B94A2C00599544 /* Info.plist */ = {isa = PBXFileReference; lastKnownFileType = text.plist.xml; path = Info.plist; sourceTree = "<group>"; };
		1C5F856127B94A2C00599544 /* iOS-EssentialsTests.xctest */ = {isa = PBXFileReference; explicitFileType = wrapper.cfbundle; includeInIndex = 0; path = "iOS-EssentialsTests.xctest"; sourceTree = BUILT_PRODUCTS_DIR; };
		1C5F856527B94A2C00599544 /* iOS_EssentialsTests.swift */ = {isa = PBXFileReference; lastKnownFileType = sourcecode.swift; path = iOS_EssentialsTests.swift; sourceTree = "<group>"; };
		1C5F856727B94A2C00599544 /* Info.plist */ = {isa = PBXFileReference; lastKnownFileType = text.plist.xml; path = Info.plist; sourceTree = "<group>"; };
		1C5F856C27B94A2C00599544 /* iOS-EssentialsUITests.xctest */ = {isa = PBXFileReference; explicitFileType = wrapper.cfbundle; includeInIndex = 0; path = "iOS-EssentialsUITests.xctest"; sourceTree = BUILT_PRODUCTS_DIR; };
		1C5F857027B94A2C00599544 /* iOS_EssentialsUITests.swift */ = {isa = PBXFileReference; lastKnownFileType = sourcecode.swift; path = iOS_EssentialsUITests.swift; sourceTree = "<group>"; };
		1C5F857227B94A2C00599544 /* Info.plist */ = {isa = PBXFileReference; lastKnownFileType = text.plist.xml; path = Info.plist; sourceTree = "<group>"; };
		1C5F858227B94AFA00599544 /* Singleton.swift */ = {isa = PBXFileReference; lastKnownFileType = sourcecode.swift; path = Singleton.swift; sourceTree = "<group>"; };
		1C5F858B27B94B8800599544 /* APIClient-Singleton-Step1.png */ = {isa = PBXFileReference; lastKnownFileType = image.png; path = "APIClient-Singleton-Step1.png"; sourceTree = "<group>"; };
		1C5F859027B94C8F00599544 /* APIClient-Singleton-Step1.swift */ = {isa = PBXFileReference; lastKnownFileType = sourcecode.swift; path = "APIClient-Singleton-Step1.swift"; sourceTree = "<group>"; };
		1C5F859527B94D1C00599544 /* APIClient-Singleton-Step2.swift */ = {isa = PBXFileReference; lastKnownFileType = sourcecode.swift; path = "APIClient-Singleton-Step2.swift"; sourceTree = "<group>"; };
		1C5F859A27B94D6A00599544 /* APIClient-Singleton-Step2.png */ = {isa = PBXFileReference; lastKnownFileType = image.png; path = "APIClient-Singleton-Step2.png"; sourceTree = "<group>"; };
		1C5F859F27B94DBE00599544 /* APIClient-Singleton-Step3.png */ = {isa = PBXFileReference; lastKnownFileType = image.png; path = "APIClient-Singleton-Step3.png"; sourceTree = "<group>"; };
		1C5F85A427B94DD100599544 /* APIClient-Singleton-Step3.swift */ = {isa = PBXFileReference; lastKnownFileType = sourcecode.swift; path = "APIClient-Singleton-Step3.swift"; sourceTree = "<group>"; };
		1C5F85AA27BA24F100599544 /* Composition_Phase1.swift */ = {isa = PBXFileReference; fileEncoding = 4; lastKnownFileType = sourcecode.swift; path = Composition_Phase1.swift; sourceTree = "<group>"; };
		1C5F85AF27BA258200599544 /* Composition_Phase2.swift */ = {isa = PBXFileReference; fileEncoding = 4; lastKnownFileType = sourcecode.swift; path = Composition_Phase2.swift; sourceTree = "<group>"; };
		1C5F85B527BA270900599544 /* Composition_Phase2.png */ = {isa = PBXFileReference; lastKnownFileType = image.png; path = Composition_Phase2.png; sourceTree = "<group>"; };
		1C5F85BD27BAAA2600599544 /* Composition_AntiPattern.swift */ = {isa = PBXFileReference; lastKnownFileType = sourcecode.swift; path = Composition_AntiPattern.swift; sourceTree = "<group>"; };
		1C5F85C827BAB1E900599544 /* Composition_AntiPattern.png */ = {isa = PBXFileReference; lastKnownFileType = image.png; path = Composition_AntiPattern.png; sourceTree = "<group>"; };
		1C5F85C927BAB2DF00599544 /* Composition_Pattern_Solved.swift */ = {isa = PBXFileReference; lastKnownFileType = sourcecode.swift; path = Composition_Pattern_Solved.swift; sourceTree = "<group>"; };
		1C5F85D127BAB83A00599544 /* Composition_Pattern_Solved.png */ = {isa = PBXFileReference; lastKnownFileType = image.png; path = Composition_Pattern_Solved.png; sourceTree = "<group>"; };
/* End PBXFileReference section */

/* Begin PBXFrameworksBuildPhase section */
		1C5F854527B94A2300599544 /* Frameworks */ = {
			isa = PBXFrameworksBuildPhase;
			buildActionMask = 2147483647;
			files = (
			);
			runOnlyForDeploymentPostprocessing = 0;
		};
		1C5F855E27B94A2C00599544 /* Frameworks */ = {
			isa = PBXFrameworksBuildPhase;
			buildActionMask = 2147483647;
			files = (
			);
			runOnlyForDeploymentPostprocessing = 0;
		};
		1C5F856927B94A2C00599544 /* Frameworks */ = {
			isa = PBXFrameworksBuildPhase;
			buildActionMask = 2147483647;
			files = (
			);
			runOnlyForDeploymentPostprocessing = 0;
		};
/* End PBXFrameworksBuildPhase section */

/* Begin PBXGroup section */
		1C5F853F27B94A2300599544 = {
			isa = PBXGroup;
			children = (
				1C5F858127B94AD500599544 /* Singleton */,
				1C5F85A927BA24E300599544 /* Composition */,
				1C5F854A27B94A2300599544 /* iOS-Essentials */,
				1C5F856427B94A2C00599544 /* iOS-EssentialsTests */,
				1C5F856F27B94A2C00599544 /* iOS-EssentialsUITests */,
				1C5F854927B94A2300599544 /* Products */,
			);
			sourceTree = "<group>";
		};
		1C5F854927B94A2300599544 /* Products */ = {
			isa = PBXGroup;
			children = (
				1C5F854827B94A2300599544 /* iOS-Essentials.app */,
				1C5F856127B94A2C00599544 /* iOS-EssentialsTests.xctest */,
				1C5F856C27B94A2C00599544 /* iOS-EssentialsUITests.xctest */,
			);
			name = Products;
			sourceTree = "<group>";
		};
		1C5F854A27B94A2300599544 /* iOS-Essentials */ = {
			isa = PBXGroup;
			children = (
				1C5F854B27B94A2300599544 /* AppDelegate.swift */,
				1C5F854D27B94A2300599544 /* SceneDelegate.swift */,
				1C5F854F27B94A2300599544 /* ViewController.swift */,
				1C5F855127B94A2300599544 /* Main.storyboard */,
				1C5F855727B94A2C00599544 /* Assets.xcassets */,
				1C5F855927B94A2C00599544 /* LaunchScreen.storyboard */,
				1C5F855C27B94A2C00599544 /* Info.plist */,
				1C5F855427B94A2300599544 /* iOS_Essentials.xcdatamodeld */,
			);
			path = "iOS-Essentials";
			sourceTree = "<group>";
		};
		1C5F856427B94A2C00599544 /* iOS-EssentialsTests */ = {
			isa = PBXGroup;
			children = (
				1C5F856527B94A2C00599544 /* iOS_EssentialsTests.swift */,
				1C5F856727B94A2C00599544 /* Info.plist */,
			);
			path = "iOS-EssentialsTests";
			sourceTree = "<group>";
		};
		1C5F856F27B94A2C00599544 /* iOS-EssentialsUITests */ = {
			isa = PBXGroup;
			children = (
				1C5F857027B94A2C00599544 /* iOS_EssentialsUITests.swift */,
				1C5F857227B94A2C00599544 /* Info.plist */,
			);
			path = "iOS-EssentialsUITests";
			sourceTree = "<group>";
		};
		1C5F858127B94AD500599544 /* Singleton */ = {
			isa = PBXGroup;
			children = (
				1C5F858A27B94B4100599544 /* UML -DependecyDiagrams */,
				1C5F858227B94AFA00599544 /* Singleton.swift */,
				1C5F859027B94C8F00599544 /* APIClient-Singleton-Step1.swift */,
				1C5F859527B94D1C00599544 /* APIClient-Singleton-Step2.swift */,
				1C5F85A427B94DD100599544 /* APIClient-Singleton-Step3.swift */,
			);
			path = Singleton;
			sourceTree = "<group>";
		};
		1C5F858A27B94B4100599544 /* UML -DependecyDiagrams */ = {
			isa = PBXGroup;
			children = (
				1C5F858B27B94B8800599544 /* APIClient-Singleton-Step1.png */,
				1C5F859A27B94D6A00599544 /* APIClient-Singleton-Step2.png */,
				1C5F859F27B94DBE00599544 /* APIClient-Singleton-Step3.png */,
			);
			path = "UML -DependecyDiagrams";
			sourceTree = "<group>";
		};
		1C5F85A927BA24E300599544 /* Composition */ = {
			isa = PBXGroup;
			children = (
				1C5F85B427BA25C300599544 /* UML */,
				1C5F85AA27BA24F100599544 /* Composition_Phase1.swift */,
				1C5F85AF27BA258200599544 /* Composition_Phase2.swift */,
				1C5F85BD27BAAA2600599544 /* Composition_AntiPattern.swift */,
				1C5F85C927BAB2DF00599544 /* Composition_Pattern_Solved.swift */,
			);
			path = Composition;
			sourceTree = "<group>";
		};
		1C5F85B427BA25C300599544 /* UML */ = {
			isa = PBXGroup;
			children = (
				1C5F85B527BA270900599544 /* Composition_Phase2.png */,
				1C5F85C827BAB1E900599544 /* Composition_AntiPattern.png */,
				1C5F85D127BAB83A00599544 /* Composition_Pattern_Solved.png */,
			);
			path = UML;
			sourceTree = "<group>";
		};
/* End PBXGroup section */

/* Begin PBXNativeTarget section */
		1C5F854727B94A2300599544 /* iOS-Essentials */ = {
			isa = PBXNativeTarget;
			buildConfigurationList = 1C5F857527B94A2C00599544 /* Build configuration list for PBXNativeTarget "iOS-Essentials" */;
			buildPhases = (
				1C5F854427B94A2300599544 /* Sources */,
				1C5F854527B94A2300599544 /* Frameworks */,
				1C5F854627B94A2300599544 /* Resources */,
			);
			buildRules = (
			);
			dependencies = (
			);
			name = "iOS-Essentials";
			productName = "iOS-Essentials";
			productReference = 1C5F854827B94A2300599544 /* iOS-Essentials.app */;
			productType = "com.apple.product-type.application";
		};
		1C5F856027B94A2C00599544 /* iOS-EssentialsTests */ = {
			isa = PBXNativeTarget;
			buildConfigurationList = 1C5F857827B94A2C00599544 /* Build configuration list for PBXNativeTarget "iOS-EssentialsTests" */;
			buildPhases = (
				1C5F855D27B94A2C00599544 /* Sources */,
				1C5F855E27B94A2C00599544 /* Frameworks */,
				1C5F855F27B94A2C00599544 /* Resources */,
			);
			buildRules = (
			);
			dependencies = (
				1C5F856327B94A2C00599544 /* PBXTargetDependency */,
			);
			name = "iOS-EssentialsTests";
			productName = "iOS-EssentialsTests";
			productReference = 1C5F856127B94A2C00599544 /* iOS-EssentialsTests.xctest */;
			productType = "com.apple.product-type.bundle.unit-test";
		};
		1C5F856B27B94A2C00599544 /* iOS-EssentialsUITests */ = {
			isa = PBXNativeTarget;
			buildConfigurationList = 1C5F857B27B94A2C00599544 /* Build configuration list for PBXNativeTarget "iOS-EssentialsUITests" */;
			buildPhases = (
				1C5F856827B94A2C00599544 /* Sources */,
				1C5F856927B94A2C00599544 /* Frameworks */,
				1C5F856A27B94A2C00599544 /* Resources */,
			);
			buildRules = (
			);
			dependencies = (
				1C5F856E27B94A2C00599544 /* PBXTargetDependency */,
			);
			name = "iOS-EssentialsUITests";
			productName = "iOS-EssentialsUITests";
			productReference = 1C5F856C27B94A2C00599544 /* iOS-EssentialsUITests.xctest */;
			productType = "com.apple.product-type.bundle.ui-testing";
		};
/* End PBXNativeTarget section */

/* Begin PBXProject section */
		1C5F854027B94A2300599544 /* Project object */ = {
			isa = PBXProject;
			attributes = {
				LastSwiftUpdateCheck = 1240;
				LastUpgradeCheck = 1240;
				TargetAttributes = {
					1C5F854727B94A2300599544 = {
						CreatedOnToolsVersion = 12.4;
					};
					1C5F856027B94A2C00599544 = {
						CreatedOnToolsVersion = 12.4;
						TestTargetID = 1C5F854727B94A2300599544;
					};
					1C5F856B27B94A2C00599544 = {
						CreatedOnToolsVersion = 12.4;
						TestTargetID = 1C5F854727B94A2300599544;
					};
				};
			};
			buildConfigurationList = 1C5F854327B94A2300599544 /* Build configuration list for PBXProject "iOS-Essentials" */;
			compatibilityVersion = "Xcode 9.3";
			developmentRegion = en;
			hasScannedForEncodings = 0;
			knownRegions = (
				en,
				Base,
			);
			mainGroup = 1C5F853F27B94A2300599544;
			productRefGroup = 1C5F854927B94A2300599544 /* Products */;
			projectDirPath = "";
			projectRoot = "";
			targets = (
				1C5F854727B94A2300599544 /* iOS-Essentials */,
				1C5F856027B94A2C00599544 /* iOS-EssentialsTests */,
				1C5F856B27B94A2C00599544 /* iOS-EssentialsUITests */,
			);
		};
/* End PBXProject section */

/* Begin PBXResourcesBuildPhase section */
		1C5F854627B94A2300599544 /* Resources */ = {
			isa = PBXResourcesBuildPhase;
			buildActionMask = 2147483647;
			files = (
				1C5F855B27B94A2C00599544 /* LaunchScreen.storyboard in Resources */,
				1C5F859B27B94D6A00599544 /* APIClient-Singleton-Step2.png in Resources */,
				1C5F855827B94A2C00599544 /* Assets.xcassets in Resources */,
				1C5F855327B94A2300599544 /* Main.storyboard in Resources */,
				1C5F858C27B94B8800599544 /* APIClient-Singleton-Step1.png in Resources */,
				1C5F85A027B94DBE00599544 /* APIClient-Singleton-Step3.png in Resources */,
				1C5F85B627BA270A00599544 /* Composition_Phase2.png in Resources */,
			);
			runOnlyForDeploymentPostprocessing = 0;
		};
		1C5F855F27B94A2C00599544 /* Resources */ = {
			isa = PBXResourcesBuildPhase;
			buildActionMask = 2147483647;
			files = (
			);
			runOnlyForDeploymentPostprocessing = 0;
		};
		1C5F856A27B94A2C00599544 /* Resources */ = {
			isa = PBXResourcesBuildPhase;
			buildActionMask = 2147483647;
			files = (
			);
			runOnlyForDeploymentPostprocessing = 0;
		};
/* End PBXResourcesBuildPhase section */

/* Begin PBXSourcesBuildPhase section */
		1C5F854427B94A2300599544 /* Sources */ = {
			isa = PBXSourcesBuildPhase;
			buildActionMask = 2147483647;
			files = (
				1C5F855627B94A2300599544 /* iOS_Essentials.xcdatamodeld in Sources */,
				1C5F855027B94A2300599544 /* ViewController.swift in Sources */,
				1C5F854C27B94A2300599544 /* AppDelegate.swift in Sources */,
				1C5F859127B94C8F00599544 /* APIClient-Singleton-Step1.swift in Sources */,
				1C5F859627B94D1C00599544 /* APIClient-Singleton-Step2.swift in Sources */,
				1C5F85CA27BAB2DF00599544 /* Composition_Pattern_Solved.swift in Sources */,
				1C5F858327B94AFA00599544 /* Singleton.swift in Sources */,
				1C5F854E27B94A2300599544 /* SceneDelegate.swift in Sources */,
				1C5F85B027BA258200599544 /* Composition_Phase2.swift in Sources */,
				1C5F85AB27BA24F200599544 /* Composition_Phase1.swift in Sources */,
				1C5F85A527B94DD100599544 /* APIClient-Singleton-Step3.swift in Sources */,
				1C5F85BE27BAAA2600599544 /* Composition_AntiPattern.swift in Sources */,
			);
			runOnlyForDeploymentPostprocessing = 0;
		};
		1C5F855D27B94A2C00599544 /* Sources */ = {
			isa = PBXSourcesBuildPhase;
			buildActionMask = 2147483647;
			files = (
				1C5F856627B94A2C00599544 /* iOS_EssentialsTests.swift in Sources */,
			);
			runOnlyForDeploymentPostprocessing = 0;
		};
		1C5F856827B94A2C00599544 /* Sources */ = {
			isa = PBXSourcesBuildPhase;
			buildActionMask = 2147483647;
			files = (
				1C5F857127B94A2C00599544 /* iOS_EssentialsUITests.swift in Sources */,
			);
			runOnlyForDeploymentPostprocessing = 0;
		};
/* End PBXSourcesBuildPhase section */

/* Begin PBXTargetDependency section */
		1C5F856327B94A2C00599544 /* PBXTargetDependency */ = {
			isa = PBXTargetDependency;
			target = 1C5F854727B94A2300599544 /* iOS-Essentials */;
			targetProxy = 1C5F856227B94A2C00599544 /* PBXContainerItemProxy */;
		};
		1C5F856E27B94A2C00599544 /* PBXTargetDependency */ = {
			isa = PBXTargetDependency;
			target = 1C5F854727B94A2300599544 /* iOS-Essentials */;
			targetProxy = 1C5F856D27B94A2C00599544 /* PBXContainerItemProxy */;
		};
/* End PBXTargetDependency section */

/* Begin PBXVariantGroup section */
		1C5F855127B94A2300599544 /* Main.storyboard */ = {
			isa = PBXVariantGroup;
			children = (
				1C5F855227B94A2300599544 /* Base */,
			);
			name = Main.storyboard;
			sourceTree = "<group>";
		};
		1C5F855927B94A2C00599544 /* LaunchScreen.storyboard */ = {
			isa = PBXVariantGroup;
			children = (
				1C5F855A27B94A2C00599544 /* Base */,
			);
			name = LaunchScreen.storyboard;
			sourceTree = "<group>";
		};
/* End PBXVariantGroup section */

/* Begin XCBuildConfiguration section */
		1C5F857327B94A2C00599544 /* Debug */ = {
			isa = XCBuildConfiguration;
			buildSettings = {
				ALWAYS_SEARCH_USER_PATHS = NO;
				CLANG_ANALYZER_NONNULL = YES;
				CLANG_ANALYZER_NUMBER_OBJECT_CONVERSION = YES_AGGRESSIVE;
				CLANG_CXX_LANGUAGE_STANDARD = "gnu++14";
				CLANG_CXX_LIBRARY = "libc++";
				CLANG_ENABLE_MODULES = YES;
				CLANG_ENABLE_OBJC_ARC = YES;
				CLANG_ENABLE_OBJC_WEAK = YES;
				CLANG_WARN_BLOCK_CAPTURE_AUTORELEASING = YES;
				CLANG_WARN_BOOL_CONVERSION = YES;
				CLANG_WARN_COMMA = YES;
				CLANG_WARN_CONSTANT_CONVERSION = YES;
				CLANG_WARN_DEPRECATED_OBJC_IMPLEMENTATIONS = YES;
				CLANG_WARN_DIRECT_OBJC_ISA_USAGE = YES_ERROR;
				CLANG_WARN_DOCUMENTATION_COMMENTS = YES;
				CLANG_WARN_EMPTY_BODY = YES;
				CLANG_WARN_ENUM_CONVERSION = YES;
				CLANG_WARN_INFINITE_RECURSION = YES;
				CLANG_WARN_INT_CONVERSION = YES;
				CLANG_WARN_NON_LITERAL_NULL_CONVERSION = YES;
				CLANG_WARN_OBJC_IMPLICIT_RETAIN_SELF = YES;
				CLANG_WARN_OBJC_LITERAL_CONVERSION = YES;
				CLANG_WARN_OBJC_ROOT_CLASS = YES_ERROR;
				CLANG_WARN_QUOTED_INCLUDE_IN_FRAMEWORK_HEADER = YES;
				CLANG_WARN_RANGE_LOOP_ANALYSIS = YES;
				CLANG_WARN_STRICT_PROTOTYPES = YES;
				CLANG_WARN_SUSPICIOUS_MOVE = YES;
				CLANG_WARN_UNGUARDED_AVAILABILITY = YES_AGGRESSIVE;
				CLANG_WARN_UNREACHABLE_CODE = YES;
				CLANG_WARN__DUPLICATE_METHOD_MATCH = YES;
				COPY_PHASE_STRIP = NO;
				DEBUG_INFORMATION_FORMAT = dwarf;
				ENABLE_STRICT_OBJC_MSGSEND = YES;
				ENABLE_TESTABILITY = YES;
				GCC_C_LANGUAGE_STANDARD = gnu11;
				GCC_DYNAMIC_NO_PIC = NO;
				GCC_NO_COMMON_BLOCKS = YES;
				GCC_OPTIMIZATION_LEVEL = 0;
				GCC_PREPROCESSOR_DEFINITIONS = (
					"DEBUG=1",
					"$(inherited)",
				);
				GCC_WARN_64_TO_32_BIT_CONVERSION = YES;
				GCC_WARN_ABOUT_RETURN_TYPE = YES_ERROR;
				GCC_WARN_UNDECLARED_SELECTOR = YES;
				GCC_WARN_UNINITIALIZED_AUTOS = YES_AGGRESSIVE;
				GCC_WARN_UNUSED_FUNCTION = YES;
				GCC_WARN_UNUSED_VARIABLE = YES;
				IPHONEOS_DEPLOYMENT_TARGET = 14.4;
				MTL_ENABLE_DEBUG_INFO = INCLUDE_SOURCE;
				MTL_FAST_MATH = YES;
				ONLY_ACTIVE_ARCH = YES;
				SDKROOT = iphoneos;
				SWIFT_ACTIVE_COMPILATION_CONDITIONS = DEBUG;
				SWIFT_OPTIMIZATION_LEVEL = "-Onone";
			};
			name = Debug;
		};
		1C5F857427B94A2C00599544 /* Release */ = {
			isa = XCBuildConfiguration;
			buildSettings = {
				ALWAYS_SEARCH_USER_PATHS = NO;
				CLANG_ANALYZER_NONNULL = YES;
				CLANG_ANALYZER_NUMBER_OBJECT_CONVERSION = YES_AGGRESSIVE;
				CLANG_CXX_LANGUAGE_STANDARD = "gnu++14";
				CLANG_CXX_LIBRARY = "libc++";
				CLANG_ENABLE_MODULES = YES;
				CLANG_ENABLE_OBJC_ARC = YES;
				CLANG_ENABLE_OBJC_WEAK = YES;
				CLANG_WARN_BLOCK_CAPTURE_AUTORELEASING = YES;
				CLANG_WARN_BOOL_CONVERSION = YES;
				CLANG_WARN_COMMA = YES;
				CLANG_WARN_CONSTANT_CONVERSION = YES;
				CLANG_WARN_DEPRECATED_OBJC_IMPLEMENTATIONS = YES;
				CLANG_WARN_DIRECT_OBJC_ISA_USAGE = YES_ERROR;
				CLANG_WARN_DOCUMENTATION_COMMENTS = YES;
				CLANG_WARN_EMPTY_BODY = YES;
				CLANG_WARN_ENUM_CONVERSION = YES;
				CLANG_WARN_INFINITE_RECURSION = YES;
				CLANG_WARN_INT_CONVERSION = YES;
				CLANG_WARN_NON_LITERAL_NULL_CONVERSION = YES;
				CLANG_WARN_OBJC_IMPLICIT_RETAIN_SELF = YES;
				CLANG_WARN_OBJC_LITERAL_CONVERSION = YES;
				CLANG_WARN_OBJC_ROOT_CLASS = YES_ERROR;
				CLANG_WARN_QUOTED_INCLUDE_IN_FRAMEWORK_HEADER = YES;
				CLANG_WARN_RANGE_LOOP_ANALYSIS = YES;
				CLANG_WARN_STRICT_PROTOTYPES = YES;
				CLANG_WARN_SUSPICIOUS_MOVE = YES;
				CLANG_WARN_UNGUARDED_AVAILABILITY = YES_AGGRESSIVE;
				CLANG_WARN_UNREACHABLE_CODE = YES;
				CLANG_WARN__DUPLICATE_METHOD_MATCH = YES;
				COPY_PHASE_STRIP = NO;
				DEBUG_INFORMATION_FORMAT = "dwarf-with-dsym";
				ENABLE_NS_ASSERTIONS = NO;
				ENABLE_STRICT_OBJC_MSGSEND = YES;
				GCC_C_LANGUAGE_STANDARD = gnu11;
				GCC_NO_COMMON_BLOCKS = YES;
				GCC_WARN_64_TO_32_BIT_CONVERSION = YES;
				GCC_WARN_ABOUT_RETURN_TYPE = YES_ERROR;
				GCC_WARN_UNDECLARED_SELECTOR = YES;
				GCC_WARN_UNINITIALIZED_AUTOS = YES_AGGRESSIVE;
				GCC_WARN_UNUSED_FUNCTION = YES;
				GCC_WARN_UNUSED_VARIABLE = YES;
				IPHONEOS_DEPLOYMENT_TARGET = 14.4;
				MTL_ENABLE_DEBUG_INFO = NO;
				MTL_FAST_MATH = YES;
				SDKROOT = iphoneos;
				SWIFT_COMPILATION_MODE = wholemodule;
				SWIFT_OPTIMIZATION_LEVEL = "-O";
				VALIDATE_PRODUCT = YES;
			};
			name = Release;
		};
		1C5F857627B94A2C00599544 /* Debug */ = {
			isa = XCBuildConfiguration;
			buildSettings = {
				ASSETCATALOG_COMPILER_APPICON_NAME = AppIcon;
				ASSETCATALOG_COMPILER_GLOBAL_ACCENT_COLOR_NAME = AccentColor;
				CODE_SIGN_STYLE = Automatic;
				DEVELOPMENT_TEAM = XN69Z47V2W;
				INFOPLIST_FILE = "iOS-Essentials/Info.plist";
				LD_RUNPATH_SEARCH_PATHS = (
					"$(inherited)",
					"@executable_path/Frameworks",
				);
				PRODUCT_BUNDLE_IDENTIFIER = "com.ravi.kiran.iOS-Essentials";
				PRODUCT_NAME = "$(TARGET_NAME)";
				SWIFT_VERSION = 5.0;
				TARGETED_DEVICE_FAMILY = "1,2";
			};
			name = Debug;
		};
		1C5F857727B94A2C00599544 /* Release */ = {
			isa = XCBuildConfiguration;
			buildSettings = {
				ASSETCATALOG_COMPILER_APPICON_NAME = AppIcon;
				ASSETCATALOG_COMPILER_GLOBAL_ACCENT_COLOR_NAME = AccentColor;
				CODE_SIGN_STYLE = Automatic;
				DEVELOPMENT_TEAM = XN69Z47V2W;
				INFOPLIST_FILE = "iOS-Essentials/Info.plist";
				LD_RUNPATH_SEARCH_PATHS = (
					"$(inherited)",
					"@executable_path/Frameworks",
				);
				PRODUCT_BUNDLE_IDENTIFIER = "com.ravi.kiran.iOS-Essentials";
				PRODUCT_NAME = "$(TARGET_NAME)";
				SWIFT_VERSION = 5.0;
				TARGETED_DEVICE_FAMILY = "1,2";
			};
			name = Release;
		};
		1C5F857927B94A2C00599544 /* Debug */ = {
			isa = XCBuildConfiguration;
			buildSettings = {
				ALWAYS_EMBED_SWIFT_STANDARD_LIBRARIES = YES;
				BUNDLE_LOADER = "$(TEST_HOST)";
				CODE_SIGN_STYLE = Automatic;
				DEVELOPMENT_TEAM = XN69Z47V2W;
				INFOPLIST_FILE = "iOS-EssentialsTests/Info.plist";
				IPHONEOS_DEPLOYMENT_TARGET = 14.4;
				LD_RUNPATH_SEARCH_PATHS = (
					"$(inherited)",
					"@executable_path/Frameworks",
					"@loader_path/Frameworks",
				);
				PRODUCT_BUNDLE_IDENTIFIER = "com.ravi.kiran.iOS-EssentialsTests";
				PRODUCT_NAME = "$(TARGET_NAME)";
				SWIFT_VERSION = 5.0;
				TARGETED_DEVICE_FAMILY = "1,2";
				TEST_HOST = "$(BUILT_PRODUCTS_DIR)/iOS-Essentials.app/iOS-Essentials";
			};
			name = Debug;
		};
		1C5F857A27B94A2C00599544 /* Release */ = {
			isa = XCBuildConfiguration;
			buildSettings = {
				ALWAYS_EMBED_SWIFT_STANDARD_LIBRARIES = YES;
				BUNDLE_LOADER = "$(TEST_HOST)";
				CODE_SIGN_STYLE = Automatic;
				DEVELOPMENT_TEAM = XN69Z47V2W;
				INFOPLIST_FILE = "iOS-EssentialsTests/Info.plist";
				IPHONEOS_DEPLOYMENT_TARGET = 14.4;
				LD_RUNPATH_SEARCH_PATHS = (
					"$(inherited)",
					"@executable_path/Frameworks",
					"@loader_path/Frameworks",
				);
				PRODUCT_BUNDLE_IDENTIFIER = "com.ravi.kiran.iOS-EssentialsTests";
				PRODUCT_NAME = "$(TARGET_NAME)";
				SWIFT_VERSION = 5.0;
				TARGETED_DEVICE_FAMILY = "1,2";
				TEST_HOST = "$(BUILT_PRODUCTS_DIR)/iOS-Essentials.app/iOS-Essentials";
			};
			name = Release;
		};
		1C5F857C27B94A2C00599544 /* Debug */ = {
			isa = XCBuildConfiguration;
			buildSettings = {
				ALWAYS_EMBED_SWIFT_STANDARD_LIBRARIES = YES;
				CODE_SIGN_STYLE = Automatic;
				DEVELOPMENT_TEAM = XN69Z47V2W;
				INFOPLIST_FILE = "iOS-EssentialsUITests/Info.plist";
				LD_RUNPATH_SEARCH_PATHS = (
					"$(inherited)",
					"@executable_path/Frameworks",
					"@loader_path/Frameworks",
				);
				PRODUCT_BUNDLE_IDENTIFIER = "com.ravi.kiran.iOS-EssentialsUITests";
				PRODUCT_NAME = "$(TARGET_NAME)";
				SWIFT_VERSION = 5.0;
				TARGETED_DEVICE_FAMILY = "1,2";
				TEST_TARGET_NAME = "iOS-Essentials";
			};
			name = Debug;
		};
		1C5F857D27B94A2C00599544 /* Release */ = {
			isa = XCBuildConfiguration;
			buildSettings = {
				ALWAYS_EMBED_SWIFT_STANDARD_LIBRARIES = YES;
				CODE_SIGN_STYLE = Automatic;
				DEVELOPMENT_TEAM = XN69Z47V2W;
				INFOPLIST_FILE = "iOS-EssentialsUITests/Info.plist";
				LD_RUNPATH_SEARCH_PATHS = (
					"$(inherited)",
					"@executable_path/Frameworks",
					"@loader_path/Frameworks",
				);
				PRODUCT_BUNDLE_IDENTIFIER = "com.ravi.kiran.iOS-EssentialsUITests";
				PRODUCT_NAME = "$(TARGET_NAME)";
				SWIFT_VERSION = 5.0;
				TARGETED_DEVICE_FAMILY = "1,2";
				TEST_TARGET_NAME = "iOS-Essentials";
			};
			name = Release;
		};
/* End XCBuildConfiguration section */

/* Begin XCConfigurationList section */
		1C5F854327B94A2300599544 /* Build configuration list for PBXProject "iOS-Essentials" */ = {
			isa = XCConfigurationList;
			buildConfigurations = (
				1C5F857327B94A2C00599544 /* Debug */,
				1C5F857427B94A2C00599544 /* Release */,
			);
			defaultConfigurationIsVisible = 0;
			defaultConfigurationName = Release;
		};
		1C5F857527B94A2C00599544 /* Build configuration list for PBXNativeTarget "iOS-Essentials" */ = {
			isa = XCConfigurationList;
			buildConfigurations = (
				1C5F857627B94A2C00599544 /* Debug */,
				1C5F857727B94A2C00599544 /* Release */,
			);
			defaultConfigurationIsVisible = 0;
			defaultConfigurationName = Release;
		};
		1C5F857827B94A2C00599544 /* Build configuration list for PBXNativeTarget "iOS-EssentialsTests" */ = {
			isa = XCConfigurationList;
			buildConfigurations = (
				1C5F857927B94A2C00599544 /* Debug */,
				1C5F857A27B94A2C00599544 /* Release */,
			);
			defaultConfigurationIsVisible = 0;
			defaultConfigurationName = Release;
		};
		1C5F857B27B94A2C00599544 /* Build configuration list for PBXNativeTarget "iOS-EssentialsUITests" */ = {
			isa = XCConfigurationList;
			buildConfigurations = (
				1C5F857C27B94A2C00599544 /* Debug */,
				1C5F857D27B94A2C00599544 /* Release */,
			);
			defaultConfigurationIsVisible = 0;
			defaultConfigurationName = Release;
		};
/* End XCConfigurationList section */

/* Begin XCVersionGroup section */
		1C5F855427B94A2300599544 /* iOS_Essentials.xcdatamodeld */ = {
			isa = XCVersionGroup;
			children = (
				1C5F855527B94A2300599544 /* iOS_Essentials.xcdatamodel */,
			);
			currentVersion = 1C5F855527B94A2300599544 /* iOS_Essentials.xcdatamodel */;
			path = iOS_Essentials.xcdatamodeld;
			sourceTree = "<group>";
			versionGroupType = wrapper.xcdatamodel;
		};
/* End XCVersionGroup section */
	};
	rootObject = 1C5F854027B94A2300599544 /* Project object */;
}
